
Microsoft Visual Studio Solution File, Format Version 12.00
# Visual Studio Version 16
VisualStudioVersion = 16.0.30611.23
MinimumVisualStudioVersion = 10.0.40219.1
Project("{FAE04EC0-301F-11D3-BF4B-00C04F79EFBC}") = "WebAPI", "WebAPI.csproj", "{C9545493-D1EA-4716-B08E-875A90A6A53F}"
EndProject
Global
	GlobalSection(SolutionConfigurationPlatforms) = preSolution
		Debug|Any CPU = Debug|Any CPU
		Release|Any CPU = Release|Any CPU
	EndGlobalSection
	GlobalSection(ProjectConfigurationPlatforms) = postSolution
		{C9545493-D1EA-4716-B08E-875A90A6A53F}.Debug|Any CPU.ActiveCfg = Debug|Any CPU
		{C9545493-D1EA-4716-B08E-875A90A6A53F}.Debug|Any CPU.Build.0 = Debug|Any CPU
		{C9545493-D1EA-4716-B08E-875A90A6A53F}.Release|Any CPU.ActiveCfg = Release|Any CPU
		{C9545493-D1EA-4716-B08E-875A90A6A53F}.Release|Any CPU.Build.0 = Release|Any CPU
	EndGlobalSection
	GlobalSection(SolutionProperties) = preSolution
		HideSolutionNode = FALSE
	EndGlobalSection
	GlobalSection(ExtensibilityGlobals) = postSolution
		SolutionGuid = {40AD2198-1EBA-4B3F-88B3-0FCD293AA63A}
	EndGlobalSection
EndGlobal
