
Microsoft Visual Studio Solution File, Format Version 12.00
# Visual Studio Version 17
VisualStudioVersion = 17.4.33205.214
MinimumVisualStudioVersion = 10.0.40219.1
Project("{FAE04EC0-301F-11D3-BF4B-00C04F79EFBC}") = "Core.API", "Core.API\Core.API.csproj", "{A59F8257-0D3D-40C6-B252-1B34E884F8F3}"
EndProject
Global
	GlobalSection(SolutionConfigurationPlatforms) = preSolution
		Debug|Any CPU = Debug|Any CPU
		Release|Any CPU = Release|Any CPU
	EndGlobalSection
	GlobalSection(ProjectConfigurationPlatforms) = postSolution
		{A59F8257-0D3D-40C6-B252-1B34E884F8F3}.Debug|Any CPU.ActiveCfg = Debug|Any CPU
		{A59F8257-0D3D-40C6-B252-1B34E884F8F3}.Debug|Any CPU.Build.0 = Debug|Any CPU
		{A59F8257-0D3D-40C6-B252-1B34E884F8F3}.Release|Any CPU.ActiveCfg = Release|Any CPU
		{A59F8257-0D3D-40C6-B252-1B34E884F8F3}.Release|Any CPU.Build.0 = Release|Any CPU
	EndGlobalSection
	GlobalSection(SolutionProperties) = preSolution
		HideSolutionNode = FALSE
	EndGlobalSection
	GlobalSection(ExtensibilityGlobals) = postSolution
		SolutionGuid = {64A80471-6E3D-48D2-B170-067B257D1D4A}
	EndGlobalSection
EndGlobal
